// !$*UTF8*$!
{
	archiveVersion = 1;
	classes = {
	};
	objectVersion = 56;
	objects = {

/* Begin PBXBuildFile section */
		1B93DE7F2AC5BAB100B244F9 /* Week03RamdomizeApp.swift in Sources */ = {isa = PBXBuildFile; fileRef = 1B93DE7E2AC5BAB100B244F9 /* Week03RamdomizeApp.swift */; };
		1B93DE812AC5BAB100B244F9 /* ContentView.swift in Sources */ = {isa = PBXBuildFile; fileRef = 1B93DE802AC5BAB100B244F9 /* ContentView.swift */; };
		1B93DE832AC5BAB700B244F9 /* Assets.xcassets in Resources */ = {isa = PBXBuildFile; fileRef = 1B93DE822AC5BAB700B244F9 /* Assets.xcassets */; };
		1B93DE862AC5BAB700B244F9 /* Preview Assets.xcassets in Resources */ = {isa = PBXBuildFile; fileRef = 1B93DE852AC5BAB700B244F9 /* Preview Assets.xcassets */; };
		1B93DE902AC5BAB700B244F9 /* Week03RamdomizeTests.swift in Sources */ = {isa = PBXBuildFile; fileRef = 1B93DE8F2AC5BAB700B244F9 /* Week03RamdomizeTests.swift */; };
		1B93DE9A2AC5BAB700B244F9 /* Week03RamdomizeUITests.swift in Sources */ = {isa = PBXBuildFile; fileRef = 1B93DE992AC5BAB700B244F9 /* Week03RamdomizeUITests.swift */; };
		1B93DE9C2AC5BAB700B244F9 /* Week03RamdomizeUITestsLaunchTests.swift in Sources */ = {isa = PBXBuildFile; fileRef = 1B93DE9B2AC5BAB700B244F9 /* Week03RamdomizeUITestsLaunchTests.swift */; };
/* End PBXBuildFile section */

/* Begin PBXContainerItemProxy section */
		1B93DE8C2AC5BAB700B244F9 /* PBXContainerItemProxy */ = {
			isa = PBXContainerItemProxy;
			containerPortal = 1B93DE732AC5BAB000B244F9 /* Project object */;
			proxyType = 1;
			remoteGlobalIDString = 1B93DE7A2AC5BAB000B244F9;
			remoteInfo = Week03Ramdomize;
		};
		1B93DE962AC5BAB700B244F9 /* PBXContainerItemProxy */ = {
			isa = PBXContainerItemProxy;
			containerPortal = 1B93DE732AC5BAB000B244F9 /* Project object */;
			proxyType = 1;
			remoteGlobalIDString = 1B93DE7A2AC5BAB000B244F9;
			remoteInfo = Week03Ramdomize;
		};
/* End PBXContainerItemProxy section */

/* Begin PBXFileReference section */
		1B93DE7B2AC5BAB100B244F9 /* Week03Ramdomize.app */ = {isa = PBXFileReference; explicitFileType = wrapper.application; includeInIndex = 0; path = Week03Ramdomize.app; sourceTree = BUILT_PRODUCTS_DIR; };
		1B93DE7E2AC5BAB100B244F9 /* Week03RamdomizeApp.swift */ = {isa = PBXFileReference; lastKnownFileType = sourcecode.swift; path = Week03RamdomizeApp.swift; sourceTree = "<group>"; };
		1B93DE802AC5BAB100B244F9 /* ContentView.swift */ = {isa = PBXFileReference; lastKnownFileType = sourcecode.swift; path = ContentView.swift; sourceTree = "<group>"; };
		1B93DE822AC5BAB700B244F9 /* Assets.xcassets */ = {isa = PBXFileReference; lastKnownFileType = folder.assetcatalog; path = Assets.xcassets; sourceTree = "<group>"; };
		1B93DE852AC5BAB700B244F9 /* Preview Assets.xcassets */ = {isa = PBXFileReference; lastKnownFileType = folder.assetcatalog; path = "Preview Assets.xcassets"; sourceTree = "<group>"; };
		1B93DE8B2AC5BAB700B244F9 /* Week03RamdomizeTests.xctest */ = {isa = PBXFileReference; explicitFileType = wrapper.cfbundle; includeInIndex = 0; path = Week03RamdomizeTests.xctest; sourceTree = BUILT_PRODUCTS_DIR; };
		1B93DE8F2AC5BAB700B244F9 /* Week03RamdomizeTests.swift */ = {isa = PBXFileReference; lastKnownFileType = sourcecode.swift; path = Week03RamdomizeTests.swift; sourceTree = "<group>"; };
		1B93DE952AC5BAB700B244F9 /* Week03RamdomizeUITests.xctest */ = {isa = PBXFileReference; explicitFileType = wrapper.cfbundle; includeInIndex = 0; path = Week03RamdomizeUITests.xctest; sourceTree = BUILT_PRODUCTS_DIR; };
		1B93DE992AC5BAB700B244F9 /* Week03RamdomizeUITests.swift */ = {isa = PBXFileReference; lastKnownFileType = sourcecode.swift; path = Week03RamdomizeUITests.swift; sourceTree = "<group>"; };
		1B93DE9B2AC5BAB700B244F9 /* Week03RamdomizeUITestsLaunchTests.swift */ = {isa = PBXFileReference; lastKnownFileType = sourcecode.swift; path = Week03RamdomizeUITestsLaunchTests.swift; sourceTree = "<group>"; };
/* End PBXFileReference section */

/* Begin PBXFrameworksBuildPhase section */
		1B93DE782AC5BAB000B244F9 /* Frameworks */ = {
			isa = PBXFrameworksBuildPhase;
			buildActionMask = 2147483647;
			files = (
			);
			runOnlyForDeploymentPostprocessing = 0;
		};
		1B93DE882AC5BAB700B244F9 /* Frameworks */ = {
			isa = PBXFrameworksBuildPhase;
			buildActionMask = 2147483647;
			files = (
			);
			runOnlyForDeploymentPostprocessing = 0;
		};
		1B93DE922AC5BAB700B244F9 /* Frameworks */ = {
			isa = PBXFrameworksBuildPhase;
			buildActionMask = 2147483647;
			files = (
			);
			runOnlyForDeploymentPostprocessing = 0;
		};
/* End PBXFrameworksBuildPhase section */

/* Begin PBXGroup section */
		1B93DE722AC5BAB000B244F9 = {
			isa = PBXGroup;
			children = (
				1B93DE7D2AC5BAB100B244F9 /* Week03Ramdomize */,
				1B93DE8E2AC5BAB700B244F9 /* Week03RamdomizeTests */,
				1B93DE982AC5BAB700B244F9 /* Week03RamdomizeUITests */,
				1B93DE7C2AC5BAB100B244F9 /* Products */,
			);
			sourceTree = "<group>";
		};
		1B93DE7C2AC5BAB100B244F9 /* Products */ = {
			isa = PBXGroup;
			children = (
				1B93DE7B2AC5BAB100B244F9 /* Week03Ramdomize.app */,
				1B93DE8B2AC5BAB700B244F9 /* Week03RamdomizeTests.xctest */,
				1B93DE952AC5BAB700B244F9 /* Week03RamdomizeUITests.xctest */,
			);
			name = Products;
			sourceTree = "<group>";
		};
		1B93DE7D2AC5BAB100B244F9 /* Week03Ramdomize */ = {
			isa = PBXGroup;
			children = (
				1B93DE7E2AC5BAB100B244F9 /* Week03RamdomizeApp.swift */,
				1B93DE802AC5BAB100B244F9 /* ContentView.swift */,
				1B93DE822AC5BAB700B244F9 /* Assets.xcassets */,
				1B93DE842AC5BAB700B244F9 /* Preview Content */,
			);
			path = Week03Ramdomize;
			sourceTree = "<group>";
		};
		1B93DE842AC5BAB700B244F9 /* Preview Content */ = {
			isa = PBXGroup;
			children = (
				1B93DE852AC5BAB700B244F9 /* Preview Assets.xcassets */,
			);
			path = "Preview Content";
			sourceTree = "<group>";
		};
		1B93DE8E2AC5BAB700B244F9 /* Week03RamdomizeTests */ = {
			isa = PBXGroup;
			children = (
				1B93DE8F2AC5BAB700B244F9 /* Week03RamdomizeTests.swift */,
			);
			path = Week03RamdomizeTests;
			sourceTree = "<group>";
		};
		1B93DE982AC5BAB700B244F9 /* Week03RamdomizeUITests */ = {
			isa = PBXGroup;
			children = (
				1B93DE992AC5BAB700B244F9 /* Week03RamdomizeUITests.swift */,
				1B93DE9B2AC5BAB700B244F9 /* Week03RamdomizeUITestsLaunchTests.swift */,
			);
			path = Week03RamdomizeUITests;
			sourceTree = "<group>";
		};
/* End PBXGroup section */

/* Begin PBXNativeTarget section */
		1B93DE7A2AC5BAB000B244F9 /* Week03Ramdomize */ = {
			isa = PBXNativeTarget;
			buildConfigurationList = 1B93DE9F2AC5BAB700B244F9 /* Build configuration list for PBXNativeTarget "Week03Ramdomize" */;
			buildPhases = (
				1B93DE772AC5BAB000B244F9 /* Sources */,
				1B93DE782AC5BAB000B244F9 /* Frameworks */,
				1B93DE792AC5BAB000B244F9 /* Resources */,
			);
			buildRules = (
			);
			dependencies = (
			);
			name = Week03Ramdomize;
			productName = Week03Ramdomize;
			productReference = 1B93DE7B2AC5BAB100B244F9 /* Week03Ramdomize.app */;
			productType = "com.apple.product-type.application";
		};
		1B93DE8A2AC5BAB700B244F9 /* Week03RamdomizeTests */ = {
			isa = PBXNativeTarget;
			buildConfigurationList = 1B93DEA22AC5BAB700B244F9 /* Build configuration list for PBXNativeTarget "Week03RamdomizeTests" */;
			buildPhases = (
				1B93DE872AC5BAB700B244F9 /* Sources */,
				1B93DE882AC5BAB700B244F9 /* Frameworks */,
				1B93DE892AC5BAB700B244F9 /* Resources */,
			);
			buildRules = (
			);
			dependencies = (
				1B93DE8D2AC5BAB700B244F9 /* PBXTargetDependency */,
			);
			name = Week03RamdomizeTests;
			productName = Week03RamdomizeTests;
			productReference = 1B93DE8B2AC5BAB700B244F9 /* Week03RamdomizeTests.xctest */;
			productType = "com.apple.product-type.bundle.unit-test";
		};
		1B93DE942AC5BAB700B244F9 /* Week03RamdomizeUITests */ = {
			isa = PBXNativeTarget;
			buildConfigurationList = 1B93DEA52AC5BAB700B244F9 /* Build configuration list for PBXNativeTarget "Week03RamdomizeUITests" */;
			buildPhases = (
				1B93DE912AC5BAB700B244F9 /* Sources */,
				1B93DE922AC5BAB700B244F9 /* Frameworks */,
				1B93DE932AC5BAB700B244F9 /* Resources */,
			);
			buildRules = (
			);
			dependencies = (
				1B93DE972AC5BAB700B244F9 /* PBXTargetDependency */,
			);
			name = Week03RamdomizeUITests;
			productName = Week03RamdomizeUITests;
			productReference = 1B93DE952AC5BAB700B244F9 /* Week03RamdomizeUITests.xctest */;
			productType = "com.apple.product-type.bundle.ui-testing";
		};
/* End PBXNativeTarget section */

/* Begin PBXProject section */
		1B93DE732AC5BAB000B244F9 /* Project object */ = {
			isa = PBXProject;
			attributes = {
				BuildIndependentTargetsInParallel = 1;
				LastSwiftUpdateCheck = 1430;
				LastUpgradeCheck = 1430;
				TargetAttributes = {
					1B93DE7A2AC5BAB000B244F9 = {
						CreatedOnToolsVersion = 14.3.1;
					};
					1B93DE8A2AC5BAB700B244F9 = {
						CreatedOnToolsVersion = 14.3.1;
						TestTargetID = 1B93DE7A2AC5BAB000B244F9;
					};
					1B93DE942AC5BAB700B244F9 = {
						CreatedOnToolsVersion = 14.3.1;
						TestTargetID = 1B93DE7A2AC5BAB000B244F9;
					};
				};
			};
			buildConfigurationList = 1B93DE762AC5BAB000B244F9 /* Build configuration list for PBXProject "Week03Ramdomize" */;
			compatibilityVersion = "Xcode 14.0";
			developmentRegion = en;
			hasScannedForEncodings = 0;
			knownRegions = (
				en,
				Base,
			);
			mainGroup = 1B93DE722AC5BAB000B244F9;
			productRefGroup = 1B93DE7C2AC5BAB100B244F9 /* Products */;
			projectDirPath = "";
			projectRoot = "";
			targets = (
				1B93DE7A2AC5BAB000B244F9 /* Week03Ramdomize */,
				1B93DE8A2AC5BAB700B244F9 /* Week03RamdomizeTests */,
				1B93DE942AC5BAB700B244F9 /* Week03RamdomizeUITests */,
			);
		};
/* End PBXProject section */

/* Begin PBXResourcesBuildPhase section */
		1B93DE792AC5BAB000B244F9 /* Resources */ = {
			isa = PBXResourcesBuildPhase;
			buildActionMask = 2147483647;
			files = (
				1B93DE862AC5BAB700B244F9 /* Preview Assets.xcassets in Resources */,
				1B93DE832AC5BAB700B244F9 /* Assets.xcassets in Resources */,
			);
			runOnlyForDeploymentPostprocessing = 0;
		};
		1B93DE892AC5BAB700B244F9 /* Resources */ = {
			isa = PBXResourcesBuildPhase;
			buildActionMask = 2147483647;
			files = (
			);
			runOnlyForDeploymentPostprocessing = 0;
		};
		1B93DE932AC5BAB700B244F9 /* Resources */ = {
			isa = PBXResourcesBuildPhase;
			buildActionMask = 2147483647;
			files = (
			);
			runOnlyForDeploymentPostprocessing = 0;
		};
/* End PBXResourcesBuildPhase section */

/* Begin PBXSourcesBuildPhase section */
		1B93DE772AC5BAB000B244F9 /* Sources */ = {
			isa = PBXSourcesBuildPhase;
			buildActionMask = 2147483647;
			files = (
				1B93DE812AC5BAB100B244F9 /* ContentView.swift in Sources */,
				1B93DE7F2AC5BAB100B244F9 /* Week03RamdomizeApp.swift in Sources */,
			);
			runOnlyForDeploymentPostprocessing = 0;
		};
		1B93DE872AC5BAB700B244F9 /* Sources */ = {
			isa = PBXSourcesBuildPhase;
			buildActionMask = 2147483647;
			files = (
				1B93DE902AC5BAB700B244F9 /* Week03RamdomizeTests.swift in Sources */,
			);
			runOnlyForDeploymentPostprocessing = 0;
		};
		1B93DE912AC5BAB700B244F9 /* Sources */ = {
			isa = PBXSourcesBuildPhase;
			buildActionMask = 2147483647;
			files = (
				1B93DE9C2AC5BAB700B244F9 /* Week03RamdomizeUITestsLaunchTests.swift in Sources */,
				1B93DE9A2AC5BAB700B244F9 /* Week03RamdomizeUITests.swift in Sources */,
			);
			runOnlyForDeploymentPostprocessing = 0;
		};
/* End PBXSourcesBuildPhase section */

/* Begin PBXTargetDependency section */
		1B93DE8D2AC5BAB700B244F9 /* PBXTargetDependency */ = {
			isa = PBXTargetDependency;
			target = 1B93DE7A2AC5BAB000B244F9 /* Week03Ramdomize */;
			targetProxy = 1B93DE8C2AC5BAB700B244F9 /* PBXContainerItemProxy */;
		};
		1B93DE972AC5BAB700B244F9 /* PBXTargetDependency */ = {
			isa = PBXTargetDependency;
			target = 1B93DE7A2AC5BAB000B244F9 /* Week03Ramdomize */;
			targetProxy = 1B93DE962AC5BAB700B244F9 /* PBXContainerItemProxy */;
		};
/* End PBXTargetDependency section */

/* Begin XCBuildConfiguration section */
		1B93DE9D2AC5BAB700B244F9 /* Debug */ = {
			isa = XCBuildConfiguration;
			buildSettings = {
				ALWAYS_SEARCH_USER_PATHS = NO;
				CLANG_ANALYZER_NONNULL = YES;
				CLANG_ANALYZER_NUMBER_OBJECT_CONVERSION = YES_AGGRESSIVE;
				CLANG_CXX_LANGUAGE_STANDARD = "gnu++20";
				CLANG_ENABLE_MODULES = YES;
				CLANG_ENABLE_OBJC_ARC = YES;
				CLANG_ENABLE_OBJC_WEAK = YES;
				CLANG_WARN_BLOCK_CAPTURE_AUTORELEASING = YES;
				CLANG_WARN_BOOL_CONVERSION = YES;
				CLANG_WARN_COMMA = YES;
				CLANG_WARN_CONSTANT_CONVERSION = YES;
				CLANG_WARN_DEPRECATED_OBJC_IMPLEMENTATIONS = YES;
				CLANG_WARN_DIRECT_OBJC_ISA_USAGE = YES_ERROR;
				CLANG_WARN_DOCUMENTATION_COMMENTS = YES;
				CLANG_WARN_EMPTY_BODY = YES;
				CLANG_WARN_ENUM_CONVERSION = YES;
				CLANG_WARN_INFINITE_RECURSION = YES;
				CLANG_WARN_INT_CONVERSION = YES;
				CLANG_WARN_NON_LITERAL_NULL_CONVERSION = YES;
				CLANG_WARN_OBJC_IMPLICIT_RETAIN_SELF = YES;
				CLANG_WARN_OBJC_LITERAL_CONVERSION = YES;
				CLANG_WARN_OBJC_ROOT_CLASS = YES_ERROR;
				CLANG_WARN_QUOTED_INCLUDE_IN_FRAMEWORK_HEADER = YES;
				CLANG_WARN_RANGE_LOOP_ANALYSIS = YES;
				CLANG_WARN_STRICT_PROTOTYPES = YES;
				CLANG_WARN_SUSPICIOUS_MOVE = YES;
				CLANG_WARN_UNGUARDED_AVAILABILITY = YES_AGGRESSIVE;
				CLANG_WARN_UNREACHABLE_CODE = YES;
				CLANG_WARN__DUPLICATE_METHOD_MATCH = YES;
				COPY_PHASE_STRIP = NO;
				DEBUG_INFORMATION_FORMAT = dwarf;
				ENABLE_STRICT_OBJC_MSGSEND = YES;
				ENABLE_TESTABILITY = YES;
				GCC_C_LANGUAGE_STANDARD = gnu11;
				GCC_DYNAMIC_NO_PIC = NO;
				GCC_NO_COMMON_BLOCKS = YES;
				GCC_OPTIMIZATION_LEVEL = 0;
				GCC_PREPROCESSOR_DEFINITIONS = (
					"DEBUG=1",
					"$(inherited)",
				);
				GCC_WARN_64_TO_32_BIT_CONVERSION = YES;
				GCC_WARN_ABOUT_RETURN_TYPE = YES_ERROR;
				GCC_WARN_UNDECLARED_SELECTOR = YES;
				GCC_WARN_UNINITIALIZED_AUTOS = YES_AGGRESSIVE;
				GCC_WARN_UNUSED_FUNCTION = YES;
				GCC_WARN_UNUSED_VARIABLE = YES;
				IPHONEOS_DEPLOYMENT_TARGET = 16.4;
				MTL_ENABLE_DEBUG_INFO = INCLUDE_SOURCE;
				MTL_FAST_MATH = YES;
				ONLY_ACTIVE_ARCH = YES;
				SDKROOT = iphoneos;
				SWIFT_ACTIVE_COMPILATION_CONDITIONS = DEBUG;
				SWIFT_OPTIMIZATION_LEVEL = "-Onone";
			};
			name = Debug;
		};
		1B93DE9E2AC5BAB700B244F9 /* Release */ = {
			isa = XCBuildConfiguration;
			buildSettings = {
				ALWAYS_SEARCH_USER_PATHS = NO;
				CLANG_ANALYZER_NONNULL = YES;
				CLANG_ANALYZER_NUMBER_OBJECT_CONVERSION = YES_AGGRESSIVE;
				CLANG_CXX_LANGUAGE_STANDARD = "gnu++20";
				CLANG_ENABLE_MODULES = YES;
				CLANG_ENABLE_OBJC_ARC = YES;
				CLANG_ENABLE_OBJC_WEAK = YES;
				CLANG_WARN_BLOCK_CAPTURE_AUTORELEASING = YES;
				CLANG_WARN_BOOL_CONVERSION = YES;
				CLANG_WARN_COMMA = YES;
				CLANG_WARN_CONSTANT_CONVERSION = YES;
				CLANG_WARN_DEPRECATED_OBJC_IMPLEMENTATIONS = YES;
				CLANG_WARN_DIRECT_OBJC_ISA_USAGE = YES_ERROR;
				CLANG_WARN_DOCUMENTATION_COMMENTS = YES;
				CLANG_WARN_EMPTY_BODY = YES;
				CLANG_WARN_ENUM_CONVERSION = YES;
				CLANG_WARN_INFINITE_RECURSION = YES;
				CLANG_WARN_INT_CONVERSION = YES;
				CLANG_WARN_NON_LITERAL_NULL_CONVERSION = YES;
				CLANG_WARN_OBJC_IMPLICIT_RETAIN_SELF = YES;
				CLANG_WARN_OBJC_LITERAL_CONVERSION = YES;
				CLANG_WARN_OBJC_ROOT_CLASS = YES_ERROR;
				CLANG_WARN_QUOTED_INCLUDE_IN_FRAMEWORK_HEADER = YES;
				CLANG_WARN_RANGE_LOOP_ANALYSIS = YES;
				CLANG_WARN_STRICT_PROTOTYPES = YES;
				CLANG_WARN_SUSPICIOUS_MOVE = YES;
				CLANG_WARN_UNGUARDED_AVAILABILITY = YES_AGGRESSIVE;
				CLANG_WARN_UNREACHABLE_CODE = YES;
				CLANG_WARN__DUPLICATE_METHOD_MATCH = YES;
				COPY_PHASE_STRIP = NO;
				DEBUG_INFORMATION_FORMAT = "dwarf-with-dsym";
				ENABLE_NS_ASSERTIONS = NO;
				ENABLE_STRICT_OBJC_MSGSEND = YES;
				GCC_C_LANGUAGE_STANDARD = gnu11;
				GCC_NO_COMMON_BLOCKS = YES;
				GCC_WARN_64_TO_32_BIT_CONVERSION = YES;
				GCC_WARN_ABOUT_RETURN_TYPE = YES_ERROR;
				GCC_WARN_UNDECLARED_SELECTOR = YES;
				GCC_WARN_UNINITIALIZED_AUTOS = YES_AGGRESSIVE;
				GCC_WARN_UNUSED_FUNCTION = YES;
				GCC_WARN_UNUSED_VARIABLE = YES;
				IPHONEOS_DEPLOYMENT_TARGET = 16.4;
				MTL_ENABLE_DEBUG_INFO = NO;
				MTL_FAST_MATH = YES;
				SDKROOT = iphoneos;
				SWIFT_COMPILATION_MODE = wholemodule;
				SWIFT_OPTIMIZATION_LEVEL = "-O";
				VALIDATE_PRODUCT = YES;
			};
			name = Release;
		};
		1B93DEA02AC5BAB700B244F9 /* Debug */ = {
			isa = XCBuildConfiguration;
			buildSettings = {
				ASSETCATALOG_COMPILER_APPICON_NAME = AppIcon;
				ASSETCATALOG_COMPILER_GLOBAL_ACCENT_COLOR_NAME = AccentColor;
				CODE_SIGN_STYLE = Automatic;
				CURRENT_PROJECT_VERSION = 1;
				DEVELOPMENT_ASSET_PATHS = "\"Week03Ramdomize/Preview Content\"";
				DEVELOPMENT_TEAM = G7UB58P52Y;
				ENABLE_PREVIEWS = YES;
				GENERATE_INFOPLIST_FILE = YES;
				INFOPLIST_KEY_UIApplicationSceneManifest_Generation = YES;
				INFOPLIST_KEY_UIApplicationSupportsIndirectInputEvents = YES;
				INFOPLIST_KEY_UILaunchScreen_Generation = YES;
				INFOPLIST_KEY_UISupportedInterfaceOrientations_iPad = "UIInterfaceOrientationPortrait UIInterfaceOrientationPortraitUpsideDown UIInterfaceOrientationLandscapeLeft UIInterfaceOrientationLandscapeRight";
				INFOPLIST_KEY_UISupportedInterfaceOrientations_iPhone = "UIInterfaceOrientationPortrait UIInterfaceOrientationLandscapeLeft UIInterfaceOrientationLandscapeRight";
				LD_RUNPATH_SEARCH_PATHS = (
					"$(inherited)",
					"@executable_path/Frameworks",
				);
				MARKETING_VERSION = 1.0;
				PRODUCT_BUNDLE_IDENTIFIER = Zou.Week03Ramdomize;
				PRODUCT_NAME = "$(TARGET_NAME)";
				SWIFT_EMIT_LOC_STRINGS = YES;
				SWIFT_VERSION = 5.0;
				TARGETED_DEVICE_FAMILY = "1,2";
			};
			name = Debug;
		};
		1B93DEA12AC5BAB700B244F9 /* Release */ = {
			isa = XCBuildConfiguration;
			buildSettings = {
				ASSETCATALOG_COMPILER_APPICON_NAME = AppIcon;
				ASSETCATALOG_COMPILER_GLOBAL_ACCENT_COLOR_NAME = AccentColor;
				CODE_SIGN_STYLE = Automatic;
				CURRENT_PROJECT_VERSION = 1;
				DEVELOPMENT_ASSET_PATHS = "\"Week03Ramdomize/Preview Content\"";
				DEVELOPMENT_TEAM = G7UB58P52Y;
				ENABLE_PREVIEWS = YES;
				GENERATE_INFOPLIST_FILE = YES;
				INFOPLIST_KEY_UIApplicationSceneManifest_Generation = YES;
				INFOPLIST_KEY_UIApplicationSupportsIndirectInputEvents = YES;
				INFOPLIST_KEY_UILaunchScreen_Generation = YES;
				INFOPLIST_KEY_UISupportedInterfaceOrientations_iPad = "UIInterfaceOrientationPortrait UIInterfaceOrientationPortraitUpsideDown UIInterfaceOrientationLandscapeLeft UIInterfaceOrientationLandscapeRight";
				INFOPLIST_KEY_UISupportedInterfaceOrientations_iPhone = "UIInterfaceOrientationPortrait UIInterfaceOrientationLandscapeLeft UIInterfaceOrientationLandscapeRight";
				LD_RUNPATH_SEARCH_PATHS = (
					"$(inherited)",
					"@executable_path/Frameworks",
				);
				MARKETING_VERSION = 1.0;
				PRODUCT_BUNDLE_IDENTIFIER = Zou.Week03Ramdomize;
				PRODUCT_NAME = "$(TARGET_NAME)";
				SWIFT_EMIT_LOC_STRINGS = YES;
				SWIFT_VERSION = 5.0;
				TARGETED_DEVICE_FAMILY = "1,2";
			};
			name = Release;
		};
		1B93DEA32AC5BAB700B244F9 /* Debug */ = {
			isa = XCBuildConfiguration;
			buildSettings = {
				ALWAYS_EMBED_SWIFT_STANDARD_LIBRARIES = YES;
				BUNDLE_LOADER = "$(TEST_HOST)";
				CODE_SIGN_STYLE = Automatic;
				CURRENT_PROJECT_VERSION = 1;
				DEVELOPMENT_TEAM = G7UB58P52Y;
				GENERATE_INFOPLIST_FILE = YES;
				IPHONEOS_DEPLOYMENT_TARGET = 16.4;
				MARKETING_VERSION = 1.0;
				PRODUCT_BUNDLE_IDENTIFIER = Zou.Week03RamdomizeTests;
				PRODUCT_NAME = "$(TARGET_NAME)";
				SWIFT_EMIT_LOC_STRINGS = NO;
				SWIFT_VERSION = 5.0;
				TARGETED_DEVICE_FAMILY = "1,2";
				TEST_HOST = "$(BUILT_PRODUCTS_DIR)/Week03Ramdomize.app/$(BUNDLE_EXECUTABLE_FOLDER_PATH)/Week03Ramdomize";
			};
			name = Debug;
		};
		1B93DEA42AC5BAB700B244F9 /* Release */ = {
			isa = XCBuildConfiguration;
			buildSettings = {
				ALWAYS_EMBED_SWIFT_STANDARD_LIBRARIES = YES;
				BUNDLE_LOADER = "$(TEST_HOST)";
				CODE_SIGN_STYLE = Automatic;
				CURRENT_PROJECT_VERSION = 1;
				DEVELOPMENT_TEAM = G7UB58P52Y;
				GENERATE_INFOPLIST_FILE = YES;
				IPHONEOS_DEPLOYMENT_TARGET = 16.4;
				MARKETING_VERSION = 1.0;
				PRODUCT_BUNDLE_IDENTIFIER = Zou.Week03RamdomizeTests;
				PRODUCT_NAME = "$(TARGET_NAME)";
				SWIFT_EMIT_LOC_STRINGS = NO;
				SWIFT_VERSION = 5.0;
				TARGETED_DEVICE_FAMILY = "1,2";
				TEST_HOST = "$(BUILT_PRODUCTS_DIR)/Week03Ramdomize.app/$(BUNDLE_EXECUTABLE_FOLDER_PATH)/Week03Ramdomize";
			};
			name = Release;
		};
		1B93DEA62AC5BAB700B244F9 /* Debug */ = {
			isa = XCBuildConfiguration;
			buildSettings = {
				ALWAYS_EMBED_SWIFT_STANDARD_LIBRARIES = YES;
				CODE_SIGN_STYLE = Automatic;
				CURRENT_PROJECT_VERSION = 1;
				DEVELOPMENT_TEAM = G7UB58P52Y;
				GENERATE_INFOPLIST_FILE = YES;
				MARKETING_VERSION = 1.0;
				PRODUCT_BUNDLE_IDENTIFIER = Zou.Week03RamdomizeUITests;
				PRODUCT_NAME = "$(TARGET_NAME)";
				SWIFT_EMIT_LOC_STRINGS = NO;
				SWIFT_VERSION = 5.0;
				TARGETED_DEVICE_FAMILY = "1,2";
				TEST_TARGET_NAME = Week03Ramdomize;
			};
			name = Debug;
		};
		1B93DEA72AC5BAB700B244F9 /* Release */ = {
			isa = XCBuildConfiguration;
			buildSettings = {
				ALWAYS_EMBED_SWIFT_STANDARD_LIBRARIES = YES;
				CODE_SIGN_STYLE = Automatic;
				CURRENT_PROJECT_VERSION = 1;
				DEVELOPMENT_TEAM = G7UB58P52Y;
				GENERATE_INFOPLIST_FILE = YES;
				MARKETING_VERSION = 1.0;
				PRODUCT_BUNDLE_IDENTIFIER = Zou.Week03RamdomizeUITests;
				PRODUCT_NAME = "$(TARGET_NAME)";
				SWIFT_EMIT_LOC_STRINGS = NO;
				SWIFT_VERSION = 5.0;
				TARGETED_DEVICE_FAMILY = "1,2";
				TEST_TARGET_NAME = Week03Ramdomize;
			};
			name = Release;
		};
/* End XCBuildConfiguration section */

/* Begin XCConfigurationList section */
		1B93DE762AC5BAB000B244F9 /* Build configuration list for PBXProject "Week03Ramdomize" */ = {
			isa = XCConfigurationList;
			buildConfigurations = (
				1B93DE9D2AC5BAB700B244F9 /* Debug */,
				1B93DE9E2AC5BAB700B244F9 /* Release */,
			);
			defaultConfigurationIsVisible = 0;
			defaultConfigurationName = Release;
		};
		1B93DE9F2AC5BAB700B244F9 /* Build configuration list for PBXNativeTarget "Week03Ramdomize" */ = {
			isa = XCConfigurationList;
			buildConfigurations = (
				1B93DEA02AC5BAB700B244F9 /* Debug */,
				1B93DEA12AC5BAB700B244F9 /* Release */,
			);
			defaultConfigurationIsVisible = 0;
			defaultConfigurationName = Release;
		};
		1B93DEA22AC5BAB700B244F9 /* Build configuration list for PBXNativeTarget "Week03RamdomizeTests" */ = {
			isa = XCConfigurationList;
			buildConfigurations = (
				1B93DEA32AC5BAB700B244F9 /* Debug */,
				1B93DEA42AC5BAB700B244F9 /* Release */,
			);
			defaultConfigurationIsVisible = 0;
			defaultConfigurationName = Release;
		};
		1B93DEA52AC5BAB700B244F9 /* Build configuration list for PBXNativeTarget "Week03RamdomizeUITests" */ = {
			isa = XCConfigurationList;
			buildConfigurations = (
				1B93DEA62AC5BAB700B244F9 /* Debug */,
				1B93DEA72AC5BAB700B244F9 /* Release */,
			);
			defaultConfigurationIsVisible = 0;
			defaultConfigurationName = Release;
		};
/* End XCConfigurationList section */
	};
	rootObject = 1B93DE732AC5BAB000B244F9 /* Project object */;
}
