// !$*UTF8*$!
{
	archiveVersion = 1;
	classes = {
	};
	objectVersion = 56;
	objects = {

/* Begin PBXBuildFile section */
		1B4947F32AE0DBAB00C50B99 /* Week06DataApp.swift in Sources */ = {isa = PBXBuildFile; fileRef = 1B4947F22AE0DBAB00C50B99 /* Week06DataApp.swift */; };
		1B4947F52AE0DBAB00C50B99 /* ContentView.swift in Sources */ = {isa = PBXBuildFile; fileRef = 1B4947F42AE0DBAB00C50B99 /* ContentView.swift */; };
		1B4947F72AE0DBAE00C50B99 /* Assets.xcassets in Resources */ = {isa = PBXBuildFile; fileRef = 1B4947F62AE0DBAE00C50B99 /* Assets.xcassets */; };
		1B4947FA2AE0DBAE00C50B99 /* Preview Assets.xcassets in Resources */ = {isa = PBXBuildFile; fileRef = 1B4947F92AE0DBAE00C50B99 /* Preview Assets.xcassets */; };
		1B4948022AE0DE6B00C50B99 /* JSONManager.swift in Sources */ = {isa = PBXBuildFile; fileRef = 1B4948012AE0DE6A00C50B99 /* JSONManager.swift */; };
		1B4948062AE0EB2C00C50B99 /* colors.json in Resources */ = {isa = PBXBuildFile; fileRef = 1B4948052AE0EB2C00C50B99 /* colors.json */; };
		1B5ED6702AF34A2F0028EFBD /* ColorPickerView.swift in Sources */ = {isa = PBXBuildFile; fileRef = 1B5ED66F2AF34A2F0028EFBD /* ColorPickerView.swift */; };
		1B5ED6722AF356500028EFBD /* GradientView.swift in Sources */ = {isa = PBXBuildFile; fileRef = 1B5ED6712AF356500028EFBD /* GradientView.swift */; };
		1B5ED6782AF3D9C50028EFBD /* FilterView.swift in Sources */ = {isa = PBXBuildFile; fileRef = 1B5ED6772AF3D9C50028EFBD /* FilterView.swift */; };
		1B7E62962AE74A08001E08BC /* ItemDetail.swift in Sources */ = {isa = PBXBuildFile; fileRef = 1B7E62952AE74A08001E08BC /* ItemDetail.swift */; };
		1BC2F7AD2AE7376D003E2D45 /* ItemRow.swift in Sources */ = {isa = PBXBuildFile; fileRef = 1BC2F7AC2AE7376D003E2D45 /* ItemRow.swift */; };
		1BEE3BD82AE9C597003C4705 /* ColorHex.swift in Sources */ = {isa = PBXBuildFile; fileRef = 1BEE3BD72AE9C597003C4705 /* ColorHex.swift */; };
		1BEE3BDA2AEA01B9003C4705 /* ImageSliderView.swift in Sources */ = {isa = PBXBuildFile; fileRef = 1BEE3BD92AEA01B9003C4705 /* ImageSliderView.swift */; };
/* End PBXBuildFile section */

/* Begin PBXFileReference section */
		1B4947EF2AE0DBAB00C50B99 /* Week06Data.app */ = {isa = PBXFileReference; explicitFileType = wrapper.application; includeInIndex = 0; path = Week06Data.app; sourceTree = BUILT_PRODUCTS_DIR; };
		1B4947F22AE0DBAB00C50B99 /* Week06DataApp.swift */ = {isa = PBXFileReference; lastKnownFileType = sourcecode.swift; path = Week06DataApp.swift; sourceTree = "<group>"; };
		1B4947F42AE0DBAB00C50B99 /* ContentView.swift */ = {isa = PBXFileReference; lastKnownFileType = sourcecode.swift; path = ContentView.swift; sourceTree = "<group>"; };
		1B4947F62AE0DBAE00C50B99 /* Assets.xcassets */ = {isa = PBXFileReference; lastKnownFileType = folder.assetcatalog; path = Assets.xcassets; sourceTree = "<group>"; };
		1B4947F92AE0DBAE00C50B99 /* Preview Assets.xcassets */ = {isa = PBXFileReference; lastKnownFileType = folder.assetcatalog; path = "Preview Assets.xcassets"; sourceTree = "<group>"; };
		1B4948012AE0DE6A00C50B99 /* JSONManager.swift */ = {isa = PBXFileReference; lastKnownFileType = sourcecode.swift; path = JSONManager.swift; sourceTree = "<group>"; };
		1B4948052AE0EB2C00C50B99 /* colors.json */ = {isa = PBXFileReference; fileEncoding = 4; lastKnownFileType = text.json; path = colors.json; sourceTree = SOURCE_ROOT; };
		1B5ED66F2AF34A2F0028EFBD /* ColorPickerView.swift */ = {isa = PBXFileReference; lastKnownFileType = sourcecode.swift; path = ColorPickerView.swift; sourceTree = "<group>"; };
		1B5ED6712AF356500028EFBD /* GradientView.swift */ = {isa = PBXFileReference; lastKnownFileType = sourcecode.swift; path = GradientView.swift; sourceTree = "<group>"; };
		1B5ED6772AF3D9C50028EFBD /* FilterView.swift */ = {isa = PBXFileReference; lastKnownFileType = sourcecode.swift; path = FilterView.swift; sourceTree = "<group>"; };
		1B7E62952AE74A08001E08BC /* ItemDetail.swift */ = {isa = PBXFileReference; lastKnownFileType = sourcecode.swift; path = ItemDetail.swift; sourceTree = "<group>"; };
		1BC2F7AC2AE7376D003E2D45 /* ItemRow.swift */ = {isa = PBXFileReference; lastKnownFileType = sourcecode.swift; path = ItemRow.swift; sourceTree = "<group>"; };
		1BEE3BD72AE9C597003C4705 /* ColorHex.swift */ = {isa = PBXFileReference; lastKnownFileType = sourcecode.swift; path = ColorHex.swift; sourceTree = "<group>"; };
		1BEE3BD92AEA01B9003C4705 /* ImageSliderView.swift */ = {isa = PBXFileReference; lastKnownFileType = sourcecode.swift; path = ImageSliderView.swift; sourceTree = "<group>"; };
/* End PBXFileReference section */

/* Begin PBXFrameworksBuildPhase section */
		1B4947EC2AE0DBAB00C50B99 /* Frameworks */ = {
			isa = PBXFrameworksBuildPhase;
			buildActionMask = 2147483647;
			files = (
			);
			runOnlyForDeploymentPostprocessing = 0;
		};
/* End PBXFrameworksBuildPhase section */

/* Begin PBXGroup section */
		1B4947E62AE0DBAB00C50B99 = {
			isa = PBXGroup;
			children = (
				1B4947F12AE0DBAB00C50B99 /* Week06Data */,
				1B4947F02AE0DBAB00C50B99 /* Products */,
			);
			sourceTree = "<group>";
		};
		1B4947F02AE0DBAB00C50B99 /* Products */ = {
			isa = PBXGroup;
			children = (
				1B4947EF2AE0DBAB00C50B99 /* Week06Data.app */,
			);
			name = Products;
			sourceTree = "<group>";
		};
		1B4947F12AE0DBAB00C50B99 /* Week06Data */ = {
			isa = PBXGroup;
			children = (
				1B4947F22AE0DBAB00C50B99 /* Week06DataApp.swift */,
				1B4947F42AE0DBAB00C50B99 /* ContentView.swift */,
				1B5ED6772AF3D9C50028EFBD /* FilterView.swift */,
				1B5ED66F2AF34A2F0028EFBD /* ColorPickerView.swift */,
				1B5ED6712AF356500028EFBD /* GradientView.swift */,
				1BEE3BD92AEA01B9003C4705 /* ImageSliderView.swift */,
				1BEE3BD72AE9C597003C4705 /* ColorHex.swift */,
				1B7E62952AE74A08001E08BC /* ItemDetail.swift */,
				1BC2F7AC2AE7376D003E2D45 /* ItemRow.swift */,
				1B4948012AE0DE6A00C50B99 /* JSONManager.swift */,
				1B4948052AE0EB2C00C50B99 /* colors.json */,
				1B4947F62AE0DBAE00C50B99 /* Assets.xcassets */,
				1B4947F82AE0DBAE00C50B99 /* Preview Content */,
			);
			path = Week06Data;
			sourceTree = "<group>";
		};
		1B4947F82AE0DBAE00C50B99 /* Preview Content */ = {
			isa = PBXGroup;
			children = (
				1B4947F92AE0DBAE00C50B99 /* Preview Assets.xcassets */,
			);
			path = "Preview Content";
			sourceTree = "<group>";
		};
/* End PBXGroup section */

/* Begin PBXNativeTarget section */
		1B4947EE2AE0DBAB00C50B99 /* Week06Data */ = {
			isa = PBXNativeTarget;
			buildConfigurationList = 1B4947FD2AE0DBAE00C50B99 /* Build configuration list for PBXNativeTarget "Week06Data" */;
			buildPhases = (
				1B4947EB2AE0DBAB00C50B99 /* Sources */,
				1B4947EC2AE0DBAB00C50B99 /* Frameworks */,
				1B4947ED2AE0DBAB00C50B99 /* Resources */,
			);
			buildRules = (
			);
			dependencies = (
			);
			name = Week06Data;
			productName = Week06Data;
			productReference = 1B4947EF2AE0DBAB00C50B99 /* Week06Data.app */;
			productType = "com.apple.product-type.application";
		};
/* End PBXNativeTarget section */

/* Begin PBXProject section */
		1B4947E72AE0DBAB00C50B99 /* Project object */ = {
			isa = PBXProject;
			attributes = {
				BuildIndependentTargetsInParallel = 1;
				LastSwiftUpdateCheck = 1430;
				LastUpgradeCheck = 1430;
				TargetAttributes = {
					1B4947EE2AE0DBAB00C50B99 = {
						CreatedOnToolsVersion = 14.3.1;
					};
				};
			};
			buildConfigurationList = 1B4947EA2AE0DBAB00C50B99 /* Build configuration list for PBXProject "Week06Data" */;
			compatibilityVersion = "Xcode 14.0";
			developmentRegion = en;
			hasScannedForEncodings = 0;
			knownRegions = (
				en,
				Base,
			);
			mainGroup = 1B4947E62AE0DBAB00C50B99;
			productRefGroup = 1B4947F02AE0DBAB00C50B99 /* Products */;
			projectDirPath = "";
			projectRoot = "";
			targets = (
				1B4947EE2AE0DBAB00C50B99 /* Week06Data */,
			);
		};
/* End PBXProject section */

/* Begin PBXResourcesBuildPhase section */
		1B4947ED2AE0DBAB00C50B99 /* Resources */ = {
			isa = PBXResourcesBuildPhase;
			buildActionMask = 2147483647;
			files = (
				1B4948062AE0EB2C00C50B99 /* colors.json in Resources */,
				1B4947FA2AE0DBAE00C50B99 /* Preview Assets.xcassets in Resources */,
				1B4947F72AE0DBAE00C50B99 /* Assets.xcassets in Resources */,
			);
			runOnlyForDeploymentPostprocessing = 0;
		};
/* End PBXResourcesBuildPhase section */

/* Begin PBXSourcesBuildPhase section */
		1B4947EB2AE0DBAB00C50B99 /* Sources */ = {
			isa = PBXSourcesBuildPhase;
			buildActionMask = 2147483647;
			files = (
				1B5ED6702AF34A2F0028EFBD /* ColorPickerView.swift in Sources */,
				1B4947F52AE0DBAB00C50B99 /* ContentView.swift in Sources */,
				1BEE3BD82AE9C597003C4705 /* ColorHex.swift in Sources */,
				1B4947F32AE0DBAB00C50B99 /* Week06DataApp.swift in Sources */,
				1B4948022AE0DE6B00C50B99 /* JSONManager.swift in Sources */,
				1B7E62962AE74A08001E08BC /* ItemDetail.swift in Sources */,
				1BC2F7AD2AE7376D003E2D45 /* ItemRow.swift in Sources */,
				1BEE3BDA2AEA01B9003C4705 /* ImageSliderView.swift in Sources */,
				1B5ED6782AF3D9C50028EFBD /* FilterView.swift in Sources */,
				1B5ED6722AF356500028EFBD /* GradientView.swift in Sources */,
			);
			runOnlyForDeploymentPostprocessing = 0;
		};
/* End PBXSourcesBuildPhase section */

/* Begin XCBuildConfiguration section */
		1B4947FB2AE0DBAE00C50B99 /* Debug */ = {
			isa = XCBuildConfiguration;
			buildSettings = {
				ALWAYS_SEARCH_USER_PATHS = NO;
				CLANG_ANALYZER_NONNULL = YES;
				CLANG_ANALYZER_NUMBER_OBJECT_CONVERSION = YES_AGGRESSIVE;
				CLANG_CXX_LANGUAGE_STANDARD = "gnu++20";
				CLANG_ENABLE_MODULES = YES;
				CLANG_ENABLE_OBJC_ARC = YES;
				CLANG_ENABLE_OBJC_WEAK = YES;
				CLANG_WARN_BLOCK_CAPTURE_AUTORELEASING = YES;
				CLANG_WARN_BOOL_CONVERSION = YES;
				CLANG_WARN_COMMA = YES;
				CLANG_WARN_CONSTANT_CONVERSION = YES;
				CLANG_WARN_DEPRECATED_OBJC_IMPLEMENTATIONS = YES;
				CLANG_WARN_DIRECT_OBJC_ISA_USAGE = YES_ERROR;
				CLANG_WARN_DOCUMENTATION_COMMENTS = YES;
				CLANG_WARN_EMPTY_BODY = YES;
				CLANG_WARN_ENUM_CONVERSION = YES;
				CLANG_WARN_INFINITE_RECURSION = YES;
				CLANG_WARN_INT_CONVERSION = YES;
				CLANG_WARN_NON_LITERAL_NULL_CONVERSION = YES;
				CLANG_WARN_OBJC_IMPLICIT_RETAIN_SELF = YES;
				CLANG_WARN_OBJC_LITERAL_CONVERSION = YES;
				CLANG_WARN_OBJC_ROOT_CLASS = YES_ERROR;
				CLANG_WARN_QUOTED_INCLUDE_IN_FRAMEWORK_HEADER = YES;
				CLANG_WARN_RANGE_LOOP_ANALYSIS = YES;
				CLANG_WARN_STRICT_PROTOTYPES = YES;
				CLANG_WARN_SUSPICIOUS_MOVE = YES;
				CLANG_WARN_UNGUARDED_AVAILABILITY = YES_AGGRESSIVE;
				CLANG_WARN_UNREACHABLE_CODE = YES;
				CLANG_WARN__DUPLICATE_METHOD_MATCH = YES;
				COPY_PHASE_STRIP = NO;
				DEBUG_INFORMATION_FORMAT = dwarf;
				ENABLE_STRICT_OBJC_MSGSEND = YES;
				ENABLE_TESTABILITY = YES;
				GCC_C_LANGUAGE_STANDARD = gnu11;
				GCC_DYNAMIC_NO_PIC = NO;
				GCC_NO_COMMON_BLOCKS = YES;
				GCC_OPTIMIZATION_LEVEL = 0;
				GCC_PREPROCESSOR_DEFINITIONS = (
					"DEBUG=1",
					"$(inherited)",
				);
				GCC_WARN_64_TO_32_BIT_CONVERSION = YES;
				GCC_WARN_ABOUT_RETURN_TYPE = YES_ERROR;
				GCC_WARN_UNDECLARED_SELECTOR = YES;
				GCC_WARN_UNINITIALIZED_AUTOS = YES_AGGRESSIVE;
				GCC_WARN_UNUSED_FUNCTION = YES;
				GCC_WARN_UNUSED_VARIABLE = YES;
				IPHONEOS_DEPLOYMENT_TARGET = 16.4;
				MTL_ENABLE_DEBUG_INFO = INCLUDE_SOURCE;
				MTL_FAST_MATH = YES;
				ONLY_ACTIVE_ARCH = YES;
				SDKROOT = iphoneos;
				SWIFT_ACTIVE_COMPILATION_CONDITIONS = DEBUG;
				SWIFT_OPTIMIZATION_LEVEL = "-Onone";
			};
			name = Debug;
		};
		1B4947FC2AE0DBAE00C50B99 /* Release */ = {
			isa = XCBuildConfiguration;
			buildSettings = {
				ALWAYS_SEARCH_USER_PATHS = NO;
				CLANG_ANALYZER_NONNULL = YES;
				CLANG_ANALYZER_NUMBER_OBJECT_CONVERSION = YES_AGGRESSIVE;
				CLANG_CXX_LANGUAGE_STANDARD = "gnu++20";
				CLANG_ENABLE_MODULES = YES;
				CLANG_ENABLE_OBJC_ARC = YES;
				CLANG_ENABLE_OBJC_WEAK = YES;
				CLANG_WARN_BLOCK_CAPTURE_AUTORELEASING = YES;
				CLANG_WARN_BOOL_CONVERSION = YES;
				CLANG_WARN_COMMA = YES;
				CLANG_WARN_CONSTANT_CONVERSION = YES;
				CLANG_WARN_DEPRECATED_OBJC_IMPLEMENTATIONS = YES;
				CLANG_WARN_DIRECT_OBJC_ISA_USAGE = YES_ERROR;
				CLANG_WARN_DOCUMENTATION_COMMENTS = YES;
				CLANG_WARN_EMPTY_BODY = YES;
				CLANG_WARN_ENUM_CONVERSION = YES;
				CLANG_WARN_INFINITE_RECURSION = YES;
				CLANG_WARN_INT_CONVERSION = YES;
				CLANG_WARN_NON_LITERAL_NULL_CONVERSION = YES;
				CLANG_WARN_OBJC_IMPLICIT_RETAIN_SELF = YES;
				CLANG_WARN_OBJC_LITERAL_CONVERSION = YES;
				CLANG_WARN_OBJC_ROOT_CLASS = YES_ERROR;
				CLANG_WARN_QUOTED_INCLUDE_IN_FRAMEWORK_HEADER = YES;
				CLANG_WARN_RANGE_LOOP_ANALYSIS = YES;
				CLANG_WARN_STRICT_PROTOTYPES = YES;
				CLANG_WARN_SUSPICIOUS_MOVE = YES;
				CLANG_WARN_UNGUARDED_AVAILABILITY = YES_AGGRESSIVE;
				CLANG_WARN_UNREACHABLE_CODE = YES;
				CLANG_WARN__DUPLICATE_METHOD_MATCH = YES;
				COPY_PHASE_STRIP = NO;
				DEBUG_INFORMATION_FORMAT = "dwarf-with-dsym";
				ENABLE_NS_ASSERTIONS = NO;
				ENABLE_STRICT_OBJC_MSGSEND = YES;
				GCC_C_LANGUAGE_STANDARD = gnu11;
				GCC_NO_COMMON_BLOCKS = YES;
				GCC_WARN_64_TO_32_BIT_CONVERSION = YES;
				GCC_WARN_ABOUT_RETURN_TYPE = YES_ERROR;
				GCC_WARN_UNDECLARED_SELECTOR = YES;
				GCC_WARN_UNINITIALIZED_AUTOS = YES_AGGRESSIVE;
				GCC_WARN_UNUSED_FUNCTION = YES;
				GCC_WARN_UNUSED_VARIABLE = YES;
				IPHONEOS_DEPLOYMENT_TARGET = 16.4;
				MTL_ENABLE_DEBUG_INFO = NO;
				MTL_FAST_MATH = YES;
				SDKROOT = iphoneos;
				SWIFT_COMPILATION_MODE = wholemodule;
				SWIFT_OPTIMIZATION_LEVEL = "-O";
				VALIDATE_PRODUCT = YES;
			};
			name = Release;
		};
		1B4947FE2AE0DBAE00C50B99 /* Debug */ = {
			isa = XCBuildConfiguration;
			buildSettings = {
				ASSETCATALOG_COMPILER_APPICON_NAME = AppIcon;
				ASSETCATALOG_COMPILER_GLOBAL_ACCENT_COLOR_NAME = AccentColor;
				CODE_SIGN_STYLE = Automatic;
				CURRENT_PROJECT_VERSION = 1;
				DEVELOPMENT_ASSET_PATHS = "\"Week06Data/Preview Content\"";
				DEVELOPMENT_TEAM = G7UB58P52Y;
				ENABLE_PREVIEWS = YES;
				GENERATE_INFOPLIST_FILE = YES;
				INFOPLIST_KEY_UIApplicationSceneManifest_Generation = YES;
				INFOPLIST_KEY_UIApplicationSupportsIndirectInputEvents = YES;
				INFOPLIST_KEY_UILaunchScreen_Generation = YES;
				INFOPLIST_KEY_UISupportedInterfaceOrientations_iPad = "UIInterfaceOrientationPortrait UIInterfaceOrientationPortraitUpsideDown UIInterfaceOrientationLandscapeLeft UIInterfaceOrientationLandscapeRight";
				INFOPLIST_KEY_UISupportedInterfaceOrientations_iPhone = "UIInterfaceOrientationPortrait UIInterfaceOrientationLandscapeLeft UIInterfaceOrientationLandscapeRight";
				IPHONEOS_DEPLOYMENT_TARGET = 16.4;
				LD_RUNPATH_SEARCH_PATHS = (
					"$(inherited)",
					"@executable_path/Frameworks",
				);
				MARKETING_VERSION = 1.0;
				PRODUCT_BUNDLE_IDENTIFIER = Zou.Week06Data;
				PRODUCT_NAME = "$(TARGET_NAME)";
				SWIFT_EMIT_LOC_STRINGS = YES;
				SWIFT_VERSION = 5.0;
				TARGETED_DEVICE_FAMILY = "1,2";
			};
			name = Debug;
		};
		1B4947FF2AE0DBAE00C50B99 /* Release */ = {
			isa = XCBuildConfiguration;
			buildSettings = {
				ASSETCATALOG_COMPILER_APPICON_NAME = AppIcon;
				ASSETCATALOG_COMPILER_GLOBAL_ACCENT_COLOR_NAME = AccentColor;
				CODE_SIGN_STYLE = Automatic;
				CURRENT_PROJECT_VERSION = 1;
				DEVELOPMENT_ASSET_PATHS = "\"Week06Data/Preview Content\"";
				DEVELOPMENT_TEAM = G7UB58P52Y;
				ENABLE_PREVIEWS = YES;
				GENERATE_INFOPLIST_FILE = YES;
				INFOPLIST_KEY_UIApplicationSceneManifest_Generation = YES;
				INFOPLIST_KEY_UIApplicationSupportsIndirectInputEvents = YES;
				INFOPLIST_KEY_UILaunchScreen_Generation = YES;
				INFOPLIST_KEY_UISupportedInterfaceOrientations_iPad = "UIInterfaceOrientationPortrait UIInterfaceOrientationPortraitUpsideDown UIInterfaceOrientationLandscapeLeft UIInterfaceOrientationLandscapeRight";
				INFOPLIST_KEY_UISupportedInterfaceOrientations_iPhone = "UIInterfaceOrientationPortrait UIInterfaceOrientationLandscapeLeft UIInterfaceOrientationLandscapeRight";
				IPHONEOS_DEPLOYMENT_TARGET = 16.4;
				LD_RUNPATH_SEARCH_PATHS = (
					"$(inherited)",
					"@executable_path/Frameworks",
				);
				MARKETING_VERSION = 1.0;
				PRODUCT_BUNDLE_IDENTIFIER = Zou.Week06Data;
				PRODUCT_NAME = "$(TARGET_NAME)";
				SWIFT_EMIT_LOC_STRINGS = YES;
				SWIFT_VERSION = 5.0;
				TARGETED_DEVICE_FAMILY = "1,2";
			};
			name = Release;
		};
/* End XCBuildConfiguration section */

/* Begin XCConfigurationList section */
		1B4947EA2AE0DBAB00C50B99 /* Build configuration list for PBXProject "Week06Data" */ = {
			isa = XCConfigurationList;
			buildConfigurations = (
				1B4947FB2AE0DBAE00C50B99 /* Debug */,
				1B4947FC2AE0DBAE00C50B99 /* Release */,
			);
			defaultConfigurationIsVisible = 0;
			defaultConfigurationName = Release;
		};
		1B4947FD2AE0DBAE00C50B99 /* Build configuration list for PBXNativeTarget "Week06Data" */ = {
			isa = XCConfigurationList;
			buildConfigurations = (
				1B4947FE2AE0DBAE00C50B99 /* Debug */,
				1B4947FF2AE0DBAE00C50B99 /* Release */,
			);
			defaultConfigurationIsVisible = 0;
			defaultConfigurationName = Release;
		};
/* End XCConfigurationList section */
	};
	rootObject = 1B4947E72AE0DBAB00C50B99 /* Project object */;
}
